
Microsoft Visual Studio Solution File, Format Version 12.00
# Visual Studio Version 17
VisualStudioVersion = 17.9.34728.123
MinimumVisualStudioVersion = 10.0.40219.1
Project("{9A19103F-16F7-4668-BE54-9A1E7A4F7556}") = "Bibliotheque", "Bibliotheque\Bibliotheque.csproj", "{5F636F24-122B-485B-8B89-57AC475B1CB0}"
EndProject
Global
	GlobalSection(SolutionConfigurationPlatforms) = preSolution
		Debug|Any CPU = Debug|Any CPU
		Release|Any CPU = Release|Any CPU
	EndGlobalSection
	GlobalSection(ProjectConfigurationPlatforms) = postSolution
		{5F636F24-122B-485B-8B89-57AC475B1CB0}.Debug|Any CPU.ActiveCfg = Debug|Any CPU
		{5F636F24-122B-485B-8B89-57AC475B1CB0}.Debug|Any CPU.Build.0 = Debug|Any CPU
		{5F636F24-122B-485B-8B89-57AC475B1CB0}.Release|Any CPU.ActiveCfg = Release|Any CPU
		{5F636F24-122B-485B-8B89-57AC475B1CB0}.Release|Any CPU.Build.0 = Release|Any CPU
	EndGlobalSection
	GlobalSection(SolutionProperties) = preSolution
		HideSolutionNode = FALSE
	EndGlobalSection
	GlobalSection(ExtensibilityGlobals) = postSolution
		SolutionGuid = {24AEEC33-CF1F-4992-A4A1-C96361DD8065}
	EndGlobalSection
EndGlobal
